{
  "object": {
    "pins": [
      {
        "package": "Balam",
        "repositoryURL": "https://github.com/catverse/balam.git",
        "state": {
          "branch": "master",
          "revision": "49a045231fb28f6d55bb2d3ee68c65066ce20fcf",
          "version": null
        }
      }
    ]
  },
  "version": 1
}
