{
  "object": {
    "pins": [
      {
        "package": "Balam",
        "repositoryURL": "https://github.com/catverse/balam.git",
        "state": {
          "branch": "master",
          "revision": "1cbfcf1270256e91d9e736d1275c0c334c2764d6",
          "version": null
        }
      }
    ]
  },
  "version": 1
}
